
Microsoft Visual Studio Solution File, Format Version 12.00
# Visual Studio Version 16
VisualStudioVersion = 16.0.31205.134
MinimumVisualStudioVersion = 10.0.40219.1
Project("{FAE04EC0-301F-11D3-BF4B-00C04F79EFBC}") = "PabloSinchiguanoExamen.Android", "PabloSinchiguanoExamen.Android\PabloSinchiguanoExamen.Android.csproj", "{892D73E5-C8D9-434B-963F-75DF260E21CF}"
EndProject
Project("{FAE04EC0-301F-11D3-BF4B-00C04F79EFBC}") = "PabloSinchiguanoExamen.iOS", "PabloSinchiguanoExamen.iOS\PabloSinchiguanoExamen.iOS.csproj", "{4D19D2EC-C89E-4FAE-92B5-307BC7E6EEA6}"
EndProject
Project("{FAE04EC0-301F-11D3-BF4B-00C04F79EFBC}") = "PabloSinchiguanoExamen", "PabloSinchiguanoExamen\PabloSinchiguanoExamen.csproj", "{0EDA024F-C45D-43A5-A311-BF1C82A76AC7}"
EndProject
Global
	GlobalSection(SolutionConfigurationPlatforms) = preSolution
		Debug|Any CPU = Debug|Any CPU
		Debug|iPhone = Debug|iPhone
		Debug|iPhoneSimulator = Debug|iPhoneSimulator
		Release|Any CPU = Release|Any CPU
		Release|iPhone = Release|iPhone
		Release|iPhoneSimulator = Release|iPhoneSimulator
	EndGlobalSection
	GlobalSection(ProjectConfigurationPlatforms) = postSolution
		{892D73E5-C8D9-434B-963F-75DF260E21CF}.Debug|Any CPU.ActiveCfg = Debug|Any CPU
		{892D73E5-C8D9-434B-963F-75DF260E21CF}.Debug|Any CPU.Build.0 = Debug|Any CPU
		{892D73E5-C8D9-434B-963F-75DF260E21CF}.Debug|Any CPU.Deploy.0 = Debug|Any CPU
		{892D73E5-C8D9-434B-963F-75DF260E21CF}.Debug|iPhone.ActiveCfg = Debug|Any CPU
		{892D73E5-C8D9-434B-963F-75DF260E21CF}.Debug|iPhone.Build.0 = Debug|Any CPU
		{892D73E5-C8D9-434B-963F-75DF260E21CF}.Debug|iPhone.Deploy.0 = Debug|Any CPU
		{892D73E5-C8D9-434B-963F-75DF260E21CF}.Debug|iPhoneSimulator.ActiveCfg = Debug|Any CPU
		{892D73E5-C8D9-434B-963F-75DF260E21CF}.Debug|iPhoneSimulator.Build.0 = Debug|Any CPU
		{892D73E5-C8D9-434B-963F-75DF260E21CF}.Debug|iPhoneSimulator.Deploy.0 = Debug|Any CPU
		{892D73E5-C8D9-434B-963F-75DF260E21CF}.Release|Any CPU.ActiveCfg = Release|Any CPU
		{892D73E5-C8D9-434B-963F-75DF260E21CF}.Release|Any CPU.Build.0 = Release|Any CPU
		{892D73E5-C8D9-434B-963F-75DF260E21CF}.Release|Any CPU.Deploy.0 = Release|Any CPU
		{892D73E5-C8D9-434B-963F-75DF260E21CF}.Release|iPhone.ActiveCfg = Release|Any CPU
		{892D73E5-C8D9-434B-963F-75DF260E21CF}.Release|iPhone.Build.0 = Release|Any CPU
		{892D73E5-C8D9-434B-963F-75DF260E21CF}.Release|iPhone.Deploy.0 = Release|Any CPU
		{892D73E5-C8D9-434B-963F-75DF260E21CF}.Release|iPhoneSimulator.ActiveCfg = Release|Any CPU
		{892D73E5-C8D9-434B-963F-75DF260E21CF}.Release|iPhoneSimulator.Build.0 = Release|Any CPU
		{892D73E5-C8D9-434B-963F-75DF260E21CF}.Release|iPhoneSimulator.Deploy.0 = Release|Any CPU
		{4D19D2EC-C89E-4FAE-92B5-307BC7E6EEA6}.Debug|Any CPU.ActiveCfg = Debug|iPhone
		{4D19D2EC-C89E-4FAE-92B5-307BC7E6EEA6}.Debug|Any CPU.Build.0 = Debug|iPhone
		{4D19D2EC-C89E-4FAE-92B5-307BC7E6EEA6}.Debug|Any CPU.Deploy.0 = Debug|iPhone
		{4D19D2EC-C89E-4FAE-92B5-307BC7E6EEA6}.Debug|iPhone.ActiveCfg = Debug|iPhone
		{4D19D2EC-C89E-4FAE-92B5-307BC7E6EEA6}.Debug|iPhone.Build.0 = Debug|iPhone
		{4D19D2EC-C89E-4FAE-92B5-307BC7E6EEA6}.Debug|iPhone.Deploy.0 = Debug|iPhone
		{4D19D2EC-C89E-4FAE-92B5-307BC7E6EEA6}.Debug|iPhoneSimulator.ActiveCfg = Debug|iPhoneSimulator
		{4D19D2EC-C89E-4FAE-92B5-307BC7E6EEA6}.Debug|iPhoneSimulator.Build.0 = Debug|iPhoneSimulator
		{4D19D2EC-C89E-4FAE-92B5-307BC7E6EEA6}.Debug|iPhoneSimulator.Deploy.0 = Debug|iPhoneSimulator
		{4D19D2EC-C89E-4FAE-92B5-307BC7E6EEA6}.Release|Any CPU.ActiveCfg = Release|iPhoneSimulator
		{4D19D2EC-C89E-4FAE-92B5-307BC7E6EEA6}.Release|Any CPU.Build.0 = Release|iPhoneSimulator
		{4D19D2EC-C89E-4FAE-92B5-307BC7E6EEA6}.Release|Any CPU.Deploy.0 = Release|iPhoneSimulator
		{4D19D2EC-C89E-4FAE-92B5-307BC7E6EEA6}.Release|iPhone.ActiveCfg = Release|iPhone
		{4D19D2EC-C89E-4FAE-92B5-307BC7E6EEA6}.Release|iPhone.Build.0 = Release|iPhone
		{4D19D2EC-C89E-4FAE-92B5-307BC7E6EEA6}.Release|iPhone.Deploy.0 = Release|iPhone
		{4D19D2EC-C89E-4FAE-92B5-307BC7E6EEA6}.Release|iPhoneSimulator.ActiveCfg = Release|iPhoneSimulator
		{4D19D2EC-C89E-4FAE-92B5-307BC7E6EEA6}.Release|iPhoneSimulator.Build.0 = Release|iPhoneSimulator
		{4D19D2EC-C89E-4FAE-92B5-307BC7E6EEA6}.Release|iPhoneSimulator.Deploy.0 = Release|iPhoneSimulator
		{0EDA024F-C45D-43A5-A311-BF1C82A76AC7}.Debug|Any CPU.ActiveCfg = Debug|Any CPU
		{0EDA024F-C45D-43A5-A311-BF1C82A76AC7}.Debug|Any CPU.Build.0 = Debug|Any CPU
		{0EDA024F-C45D-43A5-A311-BF1C82A76AC7}.Debug|Any CPU.Deploy.0 = Debug|Any CPU
		{0EDA024F-C45D-43A5-A311-BF1C82A76AC7}.Debug|iPhone.ActiveCfg = Debug|Any CPU
		{0EDA024F-C45D-43A5-A311-BF1C82A76AC7}.Debug|iPhone.Build.0 = Debug|Any CPU
		{0EDA024F-C45D-43A5-A311-BF1C82A76AC7}.Debug|iPhone.Deploy.0 = Debug|Any CPU
		{0EDA024F-C45D-43A5-A311-BF1C82A76AC7}.Debug|iPhoneSimulator.ActiveCfg = Debug|Any CPU
		{0EDA024F-C45D-43A5-A311-BF1C82A76AC7}.Debug|iPhoneSimulator.Build.0 = Debug|Any CPU
		{0EDA024F-C45D-43A5-A311-BF1C82A76AC7}.Debug|iPhoneSimulator.Deploy.0 = Debug|Any CPU
		{0EDA024F-C45D-43A5-A311-BF1C82A76AC7}.Release|Any CPU.ActiveCfg = Release|Any CPU
		{0EDA024F-C45D-43A5-A311-BF1C82A76AC7}.Release|Any CPU.Build.0 = Release|Any CPU
		{0EDA024F-C45D-43A5-A311-BF1C82A76AC7}.Release|Any CPU.Deploy.0 = Release|Any CPU
		{0EDA024F-C45D-43A5-A311-BF1C82A76AC7}.Release|iPhone.ActiveCfg = Release|Any CPU
		{0EDA024F-C45D-43A5-A311-BF1C82A76AC7}.Release|iPhone.Build.0 = Release|Any CPU
		{0EDA024F-C45D-43A5-A311-BF1C82A76AC7}.Release|iPhone.Deploy.0 = Release|Any CPU
		{0EDA024F-C45D-43A5-A311-BF1C82A76AC7}.Release|iPhoneSimulator.ActiveCfg = Release|Any CPU
		{0EDA024F-C45D-43A5-A311-BF1C82A76AC7}.Release|iPhoneSimulator.Build.0 = Release|Any CPU
		{0EDA024F-C45D-43A5-A311-BF1C82A76AC7}.Release|iPhoneSimulator.Deploy.0 = Release|Any CPU
	EndGlobalSection
	GlobalSection(SolutionProperties) = preSolution
		HideSolutionNode = FALSE
	EndGlobalSection
	GlobalSection(ExtensibilityGlobals) = postSolution
		SolutionGuid = {9C94D84B-2A67-4CA7-82AD-1B2A451ED9E8}
	EndGlobalSection
EndGlobal
